
Microsoft Visual Studio Solution File, Format Version 12.00
# Visual Studio Version 17
VisualStudioVersion = 17.13.35931.197 d17.13
MinimumVisualStudioVersion = 10.0.40219.1
Project("{FAE04EC0-301F-11D3-BF4B-00C04F79EFBC}") = "CancerDetectionAppWeb", "CancerDetectionAppWeb\CancerDetectionAppWeb.csproj", "{7C4A6EDA-53E7-4FA4-8342-6AFC19A01C09}"
EndProject
Global
	GlobalSection(SolutionConfigurationPlatforms) = preSolution
		Debug|Any CPU = Debug|Any CPU
		Release|Any CPU = Release|Any CPU
	EndGlobalSection
	GlobalSection(ProjectConfigurationPlatforms) = postSolution
		{7C4A6EDA-53E7-4FA4-8342-6AFC19A01C09}.Debug|Any CPU.ActiveCfg = Debug|Any CPU
		{7C4A6EDA-53E7-4FA4-8342-6AFC19A01C09}.Debug|Any CPU.Build.0 = Debug|Any CPU
		{7C4A6EDA-53E7-4FA4-8342-6AFC19A01C09}.Release|Any CPU.ActiveCfg = Release|Any CPU
		{7C4A6EDA-53E7-4FA4-8342-6AFC19A01C09}.Release|Any CPU.Build.0 = Release|Any CPU
	EndGlobalSection
	GlobalSection(SolutionProperties) = preSolution
		HideSolutionNode = FALSE
	EndGlobalSection
	GlobalSection(ExtensibilityGlobals) = postSolution
		SolutionGuid = {8DD28E68-8600-477A-AEF5-60E330B1D74E}
	EndGlobalSection
EndGlobal
